// !$*UTF8*$!
{
	archiveVersion = 1;
	classes = {
	};
	objectVersion = 50;
	objects = {

/* Begin PBXBuildFile section */
		AD2A371D21085925008D7CED /* MasterViewControler.swift in Sources */ = {isa = PBXBuildFile; fileRef = AD2A371C21085925008D7CED /* MasterViewControler.swift */; };
		AD2A371F2108593D008D7CED /* DetailViewController.swift in Sources */ = {isa = PBXBuildFile; fileRef = AD2A371E2108593D008D7CED /* DetailViewController.swift */; };
		AD2A3722210859FD008D7CED /* MapViewController.swift in Sources */ = {isa = PBXBuildFile; fileRef = AD2A3721210859FD008D7CED /* MapViewController.swift */; };
		AD2A372521085A22008D7CED /* NoteViewController.swift in Sources */ = {isa = PBXBuildFile; fileRef = AD2A372421085A22008D7CED /* NoteViewController.swift */; };
		AD2A372921085BEE008D7CED /* LoginViewController.swift in Sources */ = {isa = PBXBuildFile; fileRef = AD2A372821085BEE008D7CED /* LoginViewController.swift */; };
		ADEBC2C12105D7CB00712E82 /* AppDelegate.swift in Sources */ = {isa = PBXBuildFile; fileRef = ADEBC2C02105D7CB00712E82 /* AppDelegate.swift */; };
		ADEBC2C32105D7CB00712E82 /* ViewController.swift in Sources */ = {isa = PBXBuildFile; fileRef = ADEBC2C22105D7CB00712E82 /* ViewController.swift */; };
		ADEBC2C62105D7CB00712E82 /* Main.storyboard in Resources */ = {isa = PBXBuildFile; fileRef = ADEBC2C42105D7CB00712E82 /* Main.storyboard */; };
		ADEBC2C82105D7CC00712E82 /* Assets.xcassets in Resources */ = {isa = PBXBuildFile; fileRef = ADEBC2C72105D7CC00712E82 /* Assets.xcassets */; };
		ADEBC2CB2105D7CC00712E82 /* LaunchScreen.storyboard in Resources */ = {isa = PBXBuildFile; fileRef = ADEBC2C92105D7CC00712E82 /* LaunchScreen.storyboard */; };
		ADEBC2D62105D7CC00712E82 /* LeisureMapTests.swift in Sources */ = {isa = PBXBuildFile; fileRef = ADEBC2D52105D7CC00712E82 /* LeisureMapTests.swift */; };
		ADEBC2E12105D7CC00712E82 /* LeisureMapUITests.swift in Sources */ = {isa = PBXBuildFile; fileRef = ADEBC2E02105D7CC00712E82 /* LeisureMapUITests.swift */; };
		ADEBC2F42105DB0600712E82 /* SplashTableViewController.swift in Sources */ = {isa = PBXBuildFile; fileRef = ADEBC2F32105DB0600712E82 /* SplashTableViewController.swift */; };
/* End PBXBuildFile section */

/* Begin PBXContainerItemProxy section */
		ADEBC2D22105D7CC00712E82 /* PBXContainerItemProxy */ = {
			isa = PBXContainerItemProxy;
			containerPortal = ADEBC2B52105D7CB00712E82 /* Project object */;
			proxyType = 1;
			remoteGlobalIDString = ADEBC2BC2105D7CB00712E82;
			remoteInfo = LeisureMap;
		};
		ADEBC2DD2105D7CC00712E82 /* PBXContainerItemProxy */ = {
			isa = PBXContainerItemProxy;
			containerPortal = ADEBC2B52105D7CB00712E82 /* Project object */;
			proxyType = 1;
			remoteGlobalIDString = ADEBC2BC2105D7CB00712E82;
			remoteInfo = LeisureMap;
		};
/* End PBXContainerItemProxy section */

/* Begin PBXFileReference section */
		AD2A371C21085925008D7CED /* MasterViewControler.swift */ = {isa = PBXFileReference; lastKnownFileType = sourcecode.swift; path = MasterViewControler.swift; sourceTree = "<group>"; };
		AD2A371E2108593D008D7CED /* DetailViewController.swift */ = {isa = PBXFileReference; lastKnownFileType = sourcecode.swift; path = DetailViewController.swift; sourceTree = "<group>"; };
		AD2A3721210859FD008D7CED /* MapViewController.swift */ = {isa = PBXFileReference; lastKnownFileType = sourcecode.swift; path = MapViewController.swift; sourceTree = "<group>"; };
		AD2A372421085A22008D7CED /* NoteViewController.swift */ = {isa = PBXFileReference; lastKnownFileType = sourcecode.swift; path = NoteViewController.swift; sourceTree = "<group>"; };
		AD2A372821085BEE008D7CED /* LoginViewController.swift */ = {isa = PBXFileReference; lastKnownFileType = sourcecode.swift; path = LoginViewController.swift; sourceTree = "<group>"; };
		ADEBC2BD2105D7CB00712E82 /* LeisureMap.app */ = {isa = PBXFileReference; explicitFileType = wrapper.application; includeInIndex = 0; path = LeisureMap.app; sourceTree = BUILT_PRODUCTS_DIR; };
		ADEBC2C02105D7CB00712E82 /* AppDelegate.swift */ = {isa = PBXFileReference; lastKnownFileType = sourcecode.swift; path = AppDelegate.swift; sourceTree = "<group>"; };
		ADEBC2C22105D7CB00712E82 /* ViewController.swift */ = {isa = PBXFileReference; lastKnownFileType = sourcecode.swift; path = ViewController.swift; sourceTree = "<group>"; };
		ADEBC2C52105D7CB00712E82 /* Base */ = {isa = PBXFileReference; lastKnownFileType = file.storyboard; name = Base; path = Base.lproj/Main.storyboard; sourceTree = "<group>"; };
		ADEBC2C72105D7CC00712E82 /* Assets.xcassets */ = {isa = PBXFileReference; lastKnownFileType = folder.assetcatalog; path = Assets.xcassets; sourceTree = "<group>"; };
		ADEBC2CA2105D7CC00712E82 /* Base */ = {isa = PBXFileReference; lastKnownFileType = file.storyboard; name = Base; path = Base.lproj/LaunchScreen.storyboard; sourceTree = "<group>"; };
		ADEBC2CC2105D7CC00712E82 /* Info.plist */ = {isa = PBXFileReference; lastKnownFileType = text.plist.xml; path = Info.plist; sourceTree = "<group>"; };
		ADEBC2D12105D7CC00712E82 /* LeisureMapTests.xctest */ = {isa = PBXFileReference; explicitFileType = wrapper.cfbundle; includeInIndex = 0; path = LeisureMapTests.xctest; sourceTree = BUILT_PRODUCTS_DIR; };
		ADEBC2D52105D7CC00712E82 /* LeisureMapTests.swift */ = {isa = PBXFileReference; lastKnownFileType = sourcecode.swift; path = LeisureMapTests.swift; sourceTree = "<group>"; };
		ADEBC2D72105D7CC00712E82 /* Info.plist */ = {isa = PBXFileReference; lastKnownFileType = text.plist.xml; path = Info.plist; sourceTree = "<group>"; };
		ADEBC2DC2105D7CC00712E82 /* LeisureMapUITests.xctest */ = {isa = PBXFileReference; explicitFileType = wrapper.cfbundle; includeInIndex = 0; path = LeisureMapUITests.xctest; sourceTree = BUILT_PRODUCTS_DIR; };
		ADEBC2E02105D7CC00712E82 /* LeisureMapUITests.swift */ = {isa = PBXFileReference; lastKnownFileType = sourcecode.swift; path = LeisureMapUITests.swift; sourceTree = "<group>"; };
		ADEBC2E22105D7CC00712E82 /* Info.plist */ = {isa = PBXFileReference; lastKnownFileType = text.plist.xml; path = Info.plist; sourceTree = "<group>"; };
		ADEBC2F32105DB0600712E82 /* SplashTableViewController.swift */ = {isa = PBXFileReference; lastKnownFileType = sourcecode.swift; path = SplashTableViewController.swift; sourceTree = "<group>"; };
/* End PBXFileReference section */

/* Begin PBXFrameworksBuildPhase section */
		ADEBC2BA2105D7CB00712E82 /* Frameworks */ = {
			isa = PBXFrameworksBuildPhase;
			buildActionMask = 2147483647;
			files = (
			);
			runOnlyForDeploymentPostprocessing = 0;
		};
		ADEBC2CE2105D7CC00712E82 /* Frameworks */ = {
			isa = PBXFrameworksBuildPhase;
			buildActionMask = 2147483647;
			files = (
			);
			runOnlyForDeploymentPostprocessing = 0;
		};
		ADEBC2D92105D7CC00712E82 /* Frameworks */ = {
			isa = PBXFrameworksBuildPhase;
			buildActionMask = 2147483647;
			files = (
			);
			runOnlyForDeploymentPostprocessing = 0;
		};
/* End PBXFrameworksBuildPhase section */

/* Begin PBXGroup section */
		AD2A371B210858F6008D7CED /* MasterDetail */ = {
			isa = PBXGroup;
			children = (
				AD2A371C21085925008D7CED /* MasterViewControler.swift */,
				AD2A371E2108593D008D7CED /* DetailViewController.swift */,
			);
			path = MasterDetail;
			sourceTree = "<group>";
		};
		AD2A372021085942008D7CED /* MapFlow */ = {
			isa = PBXGroup;
			children = (
				AD2A3721210859FD008D7CED /* MapViewController.swift */,
			);
			path = MapFlow;
			sourceTree = "<group>";
		};
		AD2A372321085A05008D7CED /* NoteFlow */ = {
			isa = PBXGroup;
			children = (
				AD2A372421085A22008D7CED /* NoteViewController.swift */,
			);
			path = NoteFlow;
			sourceTree = "<group>";
		};
		ADEBC2B42105D7CB00712E82 = {
			isa = PBXGroup;
			children = (
				ADEBC2BF2105D7CB00712E82 /* LeisureMap */,
				ADEBC2D42105D7CC00712E82 /* LeisureMapTests */,
				ADEBC2DF2105D7CC00712E82 /* LeisureMapUITests */,
				ADEBC2BE2105D7CB00712E82 /* Products */,
				ADEBC2EE2105D99C00712E82 /* Frameworks */,
			);
			sourceTree = "<group>";
		};
		ADEBC2BE2105D7CB00712E82 /* Products */ = {
			isa = PBXGroup;
			children = (
				ADEBC2BD2105D7CB00712E82 /* LeisureMap.app */,
				ADEBC2D12105D7CC00712E82 /* LeisureMapTests.xctest */,
				ADEBC2DC2105D7CC00712E82 /* LeisureMapUITests.xctest */,
			);
			name = Products;
			sourceTree = "<group>";
		};
		ADEBC2BF2105D7CB00712E82 /* LeisureMap */ = {
			isa = PBXGroup;
			children = (
				AD2A372321085A05008D7CED /* NoteFlow */,
				AD2A372021085942008D7CED /* MapFlow */,
				AD2A371B210858F6008D7CED /* MasterDetail */,
				ADEBC2F52105DBF000712E82 /* LoginFlow */,
				ADEBC2C02105D7CB00712E82 /* AppDelegate.swift */,
				ADEBC2C22105D7CB00712E82 /* ViewController.swift */,
				ADEBC2C42105D7CB00712E82 /* Main.storyboard */,
				ADEBC2C72105D7CC00712E82 /* Assets.xcassets */,
				ADEBC2C92105D7CC00712E82 /* LaunchScreen.storyboard */,
				ADEBC2CC2105D7CC00712E82 /* Info.plist */,
				ADEBC2F32105DB0600712E82 /* SplashTableViewController.swift */,
			);
			path = LeisureMap;
			sourceTree = "<group>";
		};
		ADEBC2D42105D7CC00712E82 /* LeisureMapTests */ = {
			isa = PBXGroup;
			children = (
				ADEBC2D52105D7CC00712E82 /* LeisureMapTests.swift */,
				ADEBC2D72105D7CC00712E82 /* Info.plist */,
			);
			path = LeisureMapTests;
			sourceTree = "<group>";
		};
		ADEBC2DF2105D7CC00712E82 /* LeisureMapUITests */ = {
			isa = PBXGroup;
			children = (
				ADEBC2E02105D7CC00712E82 /* LeisureMapUITests.swift */,
				ADEBC2E22105D7CC00712E82 /* Info.plist */,
			);
			path = LeisureMapUITests;
			sourceTree = "<group>";
		};
		ADEBC2EE2105D99C00712E82 /* Frameworks */ = {
			isa = PBXGroup;
			children = (
			);
			name = Frameworks;
			sourceTree = "<group>";
		};
		ADEBC2F52105DBF000712E82 /* LoginFlow */ = {
			isa = PBXGroup;
			children = (
				AD2A372821085BEE008D7CED /* LoginViewController.swift */,
			);
			path = LoginFlow;
			sourceTree = "<group>";
		};
/* End PBXGroup section */

/* Begin PBXNativeTarget section */
		ADEBC2BC2105D7CB00712E82 /* LeisureMap */ = {
			isa = PBXNativeTarget;
			buildConfigurationList = ADEBC2E52105D7CC00712E82 /* Build configuration list for PBXNativeTarget "LeisureMap" */;
			buildPhases = (
				ADEBC2B92105D7CB00712E82 /* Sources */,
				ADEBC2BA2105D7CB00712E82 /* Frameworks */,
				ADEBC2BB2105D7CB00712E82 /* Resources */,
			);
			buildRules = (
			);
			dependencies = (
			);
			name = LeisureMap;
			productName = LeisureMap;
			productReference = ADEBC2BD2105D7CB00712E82 /* LeisureMap.app */;
			productType = "com.apple.product-type.application";
		};
		ADEBC2D02105D7CC00712E82 /* LeisureMapTests */ = {
			isa = PBXNativeTarget;
			buildConfigurationList = ADEBC2E82105D7CC00712E82 /* Build configuration list for PBXNativeTarget "LeisureMapTests" */;
			buildPhases = (
				ADEBC2CD2105D7CC00712E82 /* Sources */,
				ADEBC2CE2105D7CC00712E82 /* Frameworks */,
				ADEBC2CF2105D7CC00712E82 /* Resources */,
			);
			buildRules = (
			);
			dependencies = (
				ADEBC2D32105D7CC00712E82 /* PBXTargetDependency */,
			);
			name = LeisureMapTests;
			productName = LeisureMapTests;
			productReference = ADEBC2D12105D7CC00712E82 /* LeisureMapTests.xctest */;
			productType = "com.apple.product-type.bundle.unit-test";
		};
		ADEBC2DB2105D7CC00712E82 /* LeisureMapUITests */ = {
			isa = PBXNativeTarget;
			buildConfigurationList = ADEBC2EB2105D7CC00712E82 /* Build configuration list for PBXNativeTarget "LeisureMapUITests" */;
			buildPhases = (
				ADEBC2D82105D7CC00712E82 /* Sources */,
				ADEBC2D92105D7CC00712E82 /* Frameworks */,
				ADEBC2DA2105D7CC00712E82 /* Resources */,
			);
			buildRules = (
			);
			dependencies = (
				ADEBC2DE2105D7CC00712E82 /* PBXTargetDependency */,
			);
			name = LeisureMapUITests;
			productName = LeisureMapUITests;
			productReference = ADEBC2DC2105D7CC00712E82 /* LeisureMapUITests.xctest */;
			productType = "com.apple.product-type.bundle.ui-testing";
		};
/* End PBXNativeTarget section */

/* Begin PBXProject section */
		ADEBC2B52105D7CB00712E82 /* Project object */ = {
			isa = PBXProject;
			attributes = {
				LastSwiftUpdateCheck = 1000;
				LastUpgradeCheck = 1000;
				ORGANIZATIONNAME = tripim;
				TargetAttributes = {
					ADEBC2BC2105D7CB00712E82 = {
						CreatedOnToolsVersion = 10.0;
						SystemCapabilities = {
							com.apple.Maps.iOS = {
								enabled = 0;
							};
							com.apple.Push = {
								enabled = 0;
							};
						};
					};
					ADEBC2D02105D7CC00712E82 = {
						CreatedOnToolsVersion = 10.0;
						TestTargetID = ADEBC2BC2105D7CB00712E82;
					};
					ADEBC2DB2105D7CC00712E82 = {
						CreatedOnToolsVersion = 10.0;
						TestTargetID = ADEBC2BC2105D7CB00712E82;
					};
				};
			};
			buildConfigurationList = ADEBC2B82105D7CB00712E82 /* Build configuration list for PBXProject "LeisureMap" */;
			compatibilityVersion = "Xcode 9.3";
			developmentRegion = en;
			hasScannedForEncodings = 0;
			knownRegions = (
				en,
				Base,
			);
			mainGroup = ADEBC2B42105D7CB00712E82;
			productRefGroup = ADEBC2BE2105D7CB00712E82 /* Products */;
			projectDirPath = "";
			projectRoot = "";
			targets = (
				ADEBC2BC2105D7CB00712E82 /* LeisureMap */,
				ADEBC2D02105D7CC00712E82 /* LeisureMapTests */,
				ADEBC2DB2105D7CC00712E82 /* LeisureMapUITests */,
			);
		};
/* End PBXProject section */

/* Begin PBXResourcesBuildPhase section */
		ADEBC2BB2105D7CB00712E82 /* Resources */ = {
			isa = PBXResourcesBuildPhase;
			buildActionMask = 2147483647;
			files = (
				ADEBC2CB2105D7CC00712E82 /* LaunchScreen.storyboard in Resources */,
				ADEBC2C82105D7CC00712E82 /* Assets.xcassets in Resources */,
				ADEBC2C62105D7CB00712E82 /* Main.storyboard in Resources */,
			);
			runOnlyForDeploymentPostprocessing = 0;
		};
		ADEBC2CF2105D7CC00712E82 /* Resources */ = {
			isa = PBXResourcesBuildPhase;
			buildActionMask = 2147483647;
			files = (
			);
			runOnlyForDeploymentPostprocessing = 0;
		};
		ADEBC2DA2105D7CC00712E82 /* Resources */ = {
			isa = PBXResourcesBuildPhase;
			buildActionMask = 2147483647;
			files = (
			);
			runOnlyForDeploymentPostprocessing = 0;
		};
/* End PBXResourcesBuildPhase section */

/* Begin PBXSourcesBuildPhase section */
		ADEBC2B92105D7CB00712E82 /* Sources */ = {
			isa = PBXSourcesBuildPhase;
			buildActionMask = 2147483647;
			files = (
				AD2A372521085A22008D7CED /* NoteViewController.swift in Sources */,
				ADEBC2F42105DB0600712E82 /* SplashTableViewController.swift in Sources */,
				AD2A3722210859FD008D7CED /* MapViewController.swift in Sources */,
				ADEBC2C32105D7CB00712E82 /* ViewController.swift in Sources */,
				AD2A372921085BEE008D7CED /* LoginViewController.swift in Sources */,
				AD2A371F2108593D008D7CED /* DetailViewController.swift in Sources */,
				ADEBC2C12105D7CB00712E82 /* AppDelegate.swift in Sources */,
				AD2A371D21085925008D7CED /* MasterViewControler.swift in Sources */,
			);
			runOnlyForDeploymentPostprocessing = 0;
		};
		ADEBC2CD2105D7CC00712E82 /* Sources */ = {
			isa = PBXSourcesBuildPhase;
			buildActionMask = 2147483647;
			files = (
				ADEBC2D62105D7CC00712E82 /* LeisureMapTests.swift in Sources */,
			);
			runOnlyForDeploymentPostprocessing = 0;
		};
		ADEBC2D82105D7CC00712E82 /* Sources */ = {
			isa = PBXSourcesBuildPhase;
			buildActionMask = 2147483647;
			files = (
				ADEBC2E12105D7CC00712E82 /* LeisureMapUITests.swift in Sources */,
			);
			runOnlyForDeploymentPostprocessing = 0;
		};
/* End PBXSourcesBuildPhase section */

/* Begin PBXTargetDependency section */
		ADEBC2D32105D7CC00712E82 /* PBXTargetDependency */ = {
			isa = PBXTargetDependency;
			target = ADEBC2BC2105D7CB00712E82 /* LeisureMap */;
			targetProxy = ADEBC2D22105D7CC00712E82 /* PBXContainerItemProxy */;
		};
		ADEBC2DE2105D7CC00712E82 /* PBXTargetDependency */ = {
			isa = PBXTargetDependency;
			target = ADEBC2BC2105D7CB00712E82 /* LeisureMap */;
			targetProxy = ADEBC2DD2105D7CC00712E82 /* PBXContainerItemProxy */;
		};
/* End PBXTargetDependency section */

/* Begin PBXVariantGroup section */
		ADEBC2C42105D7CB00712E82 /* Main.storyboard */ = {
			isa = PBXVariantGroup;
			children = (
				ADEBC2C52105D7CB00712E82 /* Base */,
			);
			name = Main.storyboard;
			sourceTree = "<group>";
		};
		ADEBC2C92105D7CC00712E82 /* LaunchScreen.storyboard */ = {
			isa = PBXVariantGroup;
			children = (
				ADEBC2CA2105D7CC00712E82 /* Base */,
			);
			name = LaunchScreen.storyboard;
			sourceTree = "<group>";
		};
/* End PBXVariantGroup section */

/* Begin XCBuildConfiguration section */
		ADEBC2E32105D7CC00712E82 /* Debug */ = {
			isa = XCBuildConfiguration;
			buildSettings = {
				ALWAYS_SEARCH_USER_PATHS = NO;
				CLANG_ANALYZER_NONNULL = YES;
				CLANG_ANALYZER_NUMBER_OBJECT_CONVERSION = YES_AGGRESSIVE;
				CLANG_CXX_LANGUAGE_STANDARD = "gnu++14";
				CLANG_CXX_LIBRARY = "libc++";
				CLANG_ENABLE_MODULES = YES;
				CLANG_ENABLE_OBJC_ARC = YES;
				CLANG_ENABLE_OBJC_WEAK = YES;
				CLANG_WARN_BLOCK_CAPTURE_AUTORELEASING = YES;
				CLANG_WARN_BOOL_CONVERSION = YES;
				CLANG_WARN_COMMA = YES;
				CLANG_WARN_CONSTANT_CONVERSION = YES;
				CLANG_WARN_DEPRECATED_OBJC_IMPLEMENTATIONS = YES;
				CLANG_WARN_DIRECT_OBJC_ISA_USAGE = YES_ERROR;
				CLANG_WARN_DOCUMENTATION_COMMENTS = YES;
				CLANG_WARN_EMPTY_BODY = YES;
				CLANG_WARN_ENUM_CONVERSION = YES;
				CLANG_WARN_INFINITE_RECURSION = YES;
				CLANG_WARN_INT_CONVERSION = YES;
				CLANG_WARN_NON_LITERAL_NULL_CONVERSION = YES;
				CLANG_WARN_OBJC_IMPLICIT_RETAIN_SELF = YES;
				CLANG_WARN_OBJC_LITERAL_CONVERSION = YES;
				CLANG_WARN_OBJC_ROOT_CLASS = YES_ERROR;
				CLANG_WARN_RANGE_LOOP_ANALYSIS = YES;
				CLANG_WARN_STRICT_PROTOTYPES = YES;
				CLANG_WARN_SUSPICIOUS_MOVE = YES;
				CLANG_WARN_UNGUARDED_AVAILABILITY = YES_AGGRESSIVE;
				CLANG_WARN_UNREACHABLE_CODE = YES;
				CLANG_WARN__DUPLICATE_METHOD_MATCH = YES;
				CODE_SIGN_IDENTITY = "iPhone Developer";
				COPY_PHASE_STRIP = NO;
				DEBUG_INFORMATION_FORMAT = dwarf;
				ENABLE_STRICT_OBJC_MSGSEND = YES;
				ENABLE_TESTABILITY = YES;
				GCC_C_LANGUAGE_STANDARD = gnu11;
				GCC_DYNAMIC_NO_PIC = NO;
				GCC_NO_COMMON_BLOCKS = YES;
				GCC_OPTIMIZATION_LEVEL = 0;
				GCC_PREPROCESSOR_DEFINITIONS = (
					"DEBUG=1",
					"$(inherited)",
				);
				GCC_WARN_64_TO_32_BIT_CONVERSION = YES;
				GCC_WARN_ABOUT_RETURN_TYPE = YES_ERROR;
				GCC_WARN_UNDECLARED_SELECTOR = YES;
				GCC_WARN_UNINITIALIZED_AUTOS = YES_AGGRESSIVE;
				GCC_WARN_UNUSED_FUNCTION = YES;
				GCC_WARN_UNUSED_VARIABLE = YES;
				IPHONEOS_DEPLOYMENT_TARGET = 12.0;
				MTL_ENABLE_DEBUG_INFO = INCLUDE_SOURCE;
				MTL_FAST_MATH = YES;
				ONLY_ACTIVE_ARCH = YES;
				SDKROOT = iphoneos;
				SWIFT_ACTIVE_COMPILATION_CONDITIONS = DEBUG;
				SWIFT_OPTIMIZATION_LEVEL = "-Onone";
			};
			name = Debug;
		};
		ADEBC2E42105D7CC00712E82 /* Release */ = {
			isa = XCBuildConfiguration;
			buildSettings = {
				ALWAYS_SEARCH_USER_PATHS = NO;
				CLANG_ANALYZER_NONNULL = YES;
				CLANG_ANALYZER_NUMBER_OBJECT_CONVERSION = YES_AGGRESSIVE;
				CLANG_CXX_LANGUAGE_STANDARD = "gnu++14";
				CLANG_CXX_LIBRARY = "libc++";
				CLANG_ENABLE_MODULES = YES;
				CLANG_ENABLE_OBJC_ARC = YES;
				CLANG_ENABLE_OBJC_WEAK = YES;
				CLANG_WARN_BLOCK_CAPTURE_AUTORELEASING = YES;
				CLANG_WARN_BOOL_CONVERSION = YES;
				CLANG_WARN_COMMA = YES;
				CLANG_WARN_CONSTANT_CONVERSION = YES;
				CLANG_WARN_DEPRECATED_OBJC_IMPLEMENTATIONS = YES;
				CLANG_WARN_DIRECT_OBJC_ISA_USAGE = YES_ERROR;
				CLANG_WARN_DOCUMENTATION_COMMENTS = YES;
				CLANG_WARN_EMPTY_BODY = YES;
				CLANG_WARN_ENUM_CONVERSION = YES;
				CLANG_WARN_INFINITE_RECURSION = YES;
				CLANG_WARN_INT_CONVERSION = YES;
				CLANG_WARN_NON_LITERAL_NULL_CONVERSION = YES;
				CLANG_WARN_OBJC_IMPLICIT_RETAIN_SELF = YES;
				CLANG_WARN_OBJC_LITERAL_CONVERSION = YES;
				CLANG_WARN_OBJC_ROOT_CLASS = YES_ERROR;
				CLANG_WARN_RANGE_LOOP_ANALYSIS = YES;
				CLANG_WARN_STRICT_PROTOTYPES = YES;
				CLANG_WARN_SUSPICIOUS_MOVE = YES;
				CLANG_WARN_UNGUARDED_AVAILABILITY = YES_AGGRESSIVE;
				CLANG_WARN_UNREACHABLE_CODE = YES;
				CLANG_WARN__DUPLICATE_METHOD_MATCH = YES;
				CODE_SIGN_IDENTITY = "iPhone Developer";
				COPY_PHASE_STRIP = NO;
				DEBUG_INFORMATION_FORMAT = "dwarf-with-dsym";
				ENABLE_NS_ASSERTIONS = NO;
				ENABLE_STRICT_OBJC_MSGSEND = YES;
				GCC_C_LANGUAGE_STANDARD = gnu11;
				GCC_NO_COMMON_BLOCKS = YES;
				GCC_WARN_64_TO_32_BIT_CONVERSION = YES;
				GCC_WARN_ABOUT_RETURN_TYPE = YES_ERROR;
				GCC_WARN_UNDECLARED_SELECTOR = YES;
				GCC_WARN_UNINITIALIZED_AUTOS = YES_AGGRESSIVE;
				GCC_WARN_UNUSED_FUNCTION = YES;
				GCC_WARN_UNUSED_VARIABLE = YES;
				IPHONEOS_DEPLOYMENT_TARGET = 12.0;
				MTL_ENABLE_DEBUG_INFO = NO;
				MTL_FAST_MATH = YES;
				SDKROOT = iphoneos;
				SWIFT_COMPILATION_MODE = wholemodule;
				SWIFT_OPTIMIZATION_LEVEL = "-O";
				VALIDATE_PRODUCT = YES;
			};
			name = Release;
		};
		ADEBC2E62105D7CC00712E82 /* Debug */ = {
			isa = XCBuildConfiguration;
			buildSettings = {
				ASSETCATALOG_COMPILER_APPICON_NAME = AppIcon;
				CODE_SIGN_STYLE = Automatic;
				INFOPLIST_FILE = LeisureMap/Info.plist;
				LD_RUNPATH_SEARCH_PATHS = (
					"$(inherited)",
					"@executable_path/Frameworks",
				);
				PRODUCT_BUNDLE_IDENTIFIER = com.tripim.LeisureMap;
				PRODUCT_NAME = "$(TARGET_NAME)";
				SWIFT_VERSION = 4.2;
				TARGETED_DEVICE_FAMILY = "1,2";
			};
			name = Debug;
		};
		ADEBC2E72105D7CC00712E82 /* Release */ = {
			isa = XCBuildConfiguration;
			buildSettings = {
				ASSETCATALOG_COMPILER_APPICON_NAME = AppIcon;
				CODE_SIGN_STYLE = Automatic;
				INFOPLIST_FILE = LeisureMap/Info.plist;
				LD_RUNPATH_SEARCH_PATHS = (
					"$(inherited)",
					"@executable_path/Frameworks",
				);
				PRODUCT_BUNDLE_IDENTIFIER = com.tripim.LeisureMap;
				PRODUCT_NAME = "$(TARGET_NAME)";
				SWIFT_VERSION = 4.2;
				TARGETED_DEVICE_FAMILY = "1,2";
			};
			name = Release;
		};
		ADEBC2E92105D7CC00712E82 /* Debug */ = {
			isa = XCBuildConfiguration;
			buildSettings = {
				ALWAYS_EMBED_SWIFT_STANDARD_LIBRARIES = YES;
				BUNDLE_LOADER = "$(TEST_HOST)";
				CODE_SIGN_STYLE = Automatic;
				INFOPLIST_FILE = LeisureMapTests/Info.plist;
				LD_RUNPATH_SEARCH_PATHS = (
					"$(inherited)",
					"@executable_path/Frameworks",
					"@loader_path/Frameworks",
				);
				PRODUCT_BUNDLE_IDENTIFIER = com.tripim.LeisureMapTests;
				PRODUCT_NAME = "$(TARGET_NAME)";
				SWIFT_VERSION = 4.2;
				TARGETED_DEVICE_FAMILY = "1,2";
				TEST_HOST = "$(BUILT_PRODUCTS_DIR)/LeisureMap.app/LeisureMap";
			};
			name = Debug;
		};
		ADEBC2EA2105D7CC00712E82 /* Release */ = {
			isa = XCBuildConfiguration;
			buildSettings = {
				ALWAYS_EMBED_SWIFT_STANDARD_LIBRARIES = YES;
				BUNDLE_LOADER = "$(TEST_HOST)";
				CODE_SIGN_STYLE = Automatic;
				INFOPLIST_FILE = LeisureMapTests/Info.plist;
				LD_RUNPATH_SEARCH_PATHS = (
					"$(inherited)",
					"@executable_path/Frameworks",
					"@loader_path/Frameworks",
				);
				PRODUCT_BUNDLE_IDENTIFIER = com.tripim.LeisureMapTests;
				PRODUCT_NAME = "$(TARGET_NAME)";
				SWIFT_VERSION = 4.2;
				TARGETED_DEVICE_FAMILY = "1,2";
				TEST_HOST = "$(BUILT_PRODUCTS_DIR)/LeisureMap.app/LeisureMap";
			};
			name = Release;
		};
		ADEBC2EC2105D7CC00712E82 /* Debug */ = {
			isa = XCBuildConfiguration;
			buildSettings = {
				ALWAYS_EMBED_SWIFT_STANDARD_LIBRARIES = YES;
				CODE_SIGN_STYLE = Automatic;
				INFOPLIST_FILE = LeisureMapUITests/Info.plist;
				LD_RUNPATH_SEARCH_PATHS = (
					"$(inherited)",
					"@executable_path/Frameworks",
					"@loader_path/Frameworks",
				);
				PRODUCT_BUNDLE_IDENTIFIER = com.tripim.LeisureMapUITests;
				PRODUCT_NAME = "$(TARGET_NAME)";
				SWIFT_VERSION = 4.2;
				TARGETED_DEVICE_FAMILY = "1,2";
				TEST_TARGET_NAME = LeisureMap;
			};
			name = Debug;
		};
		ADEBC2ED2105D7CC00712E82 /* Release */ = {
			isa = XCBuildConfiguration;
			buildSettings = {
				ALWAYS_EMBED_SWIFT_STANDARD_LIBRARIES = YES;
				CODE_SIGN_STYLE = Automatic;
				INFOPLIST_FILE = LeisureMapUITests/Info.plist;
				LD_RUNPATH_SEARCH_PATHS = (
					"$(inherited)",
					"@executable_path/Frameworks",
					"@loader_path/Frameworks",
				);
				PRODUCT_BUNDLE_IDENTIFIER = com.tripim.LeisureMapUITests;
				PRODUCT_NAME = "$(TARGET_NAME)";
				SWIFT_VERSION = 4.2;
				TARGETED_DEVICE_FAMILY = "1,2";
				TEST_TARGET_NAME = LeisureMap;
			};
			name = Release;
		};
/* End XCBuildConfiguration section */

/* Begin XCConfigurationList section */
		ADEBC2B82105D7CB00712E82 /* Build configuration list for PBXProject "LeisureMap" */ = {
			isa = XCConfigurationList;
			buildConfigurations = (
				ADEBC2E32105D7CC00712E82 /* Debug */,
				ADEBC2E42105D7CC00712E82 /* Release */,
			);
			defaultConfigurationIsVisible = 0;
			defaultConfigurationName = Release;
		};
		ADEBC2E52105D7CC00712E82 /* Build configuration list for PBXNativeTarget "LeisureMap" */ = {
			isa = XCConfigurationList;
			buildConfigurations = (
				ADEBC2E62105D7CC00712E82 /* Debug */,
				ADEBC2E72105D7CC00712E82 /* Release */,
			);
			defaultConfigurationIsVisible = 0;
			defaultConfigurationName = Release;
		};
		ADEBC2E82105D7CC00712E82 /* Build configuration list for PBXNativeTarget "LeisureMapTests" */ = {
			isa = XCConfigurationList;
			buildConfigurations = (
				ADEBC2E92105D7CC00712E82 /* Debug */,
				ADEBC2EA2105D7CC00712E82 /* Release */,
			);
			defaultConfigurationIsVisible = 0;
			defaultConfigurationName = Release;
		};
		ADEBC2EB2105D7CC00712E82 /* Build configuration list for PBXNativeTarget "LeisureMapUITests" */ = {
			isa = XCConfigurationList;
			buildConfigurations = (
				ADEBC2EC2105D7CC00712E82 /* Debug */,
				ADEBC2ED2105D7CC00712E82 /* Release */,
			);
			defaultConfigurationIsVisible = 0;
			defaultConfigurationName = Release;
		};
/* End XCConfigurationList section */
	};
	rootObject = ADEBC2B52105D7CB00712E82 /* Project object */;
}
